
Microsoft Visual Studio Solution File, Format Version 11.00
# Visual C# Express 2010
Project("{FAE04EC0-301F-11D3-BF4B-00C04F79EFBC}") = "Ch3Furniture", "Ch3Furniture\Ch3Furniture.csproj", "{93FB2DE5-7064-48F7-8EAB-B901F2C18588}"
EndProject
Project("{FAE04EC0-301F-11D3-BF4B-00C04F79EFBC}") = "Ch5Delivery", "Ch5Delivery\Ch5Delivery.csproj", "{8DA89952-F690-4877-AFA5-D8D6085BF531}"
EndProject
Project("{FAE04EC0-301F-11D3-BF4B-00C04F79EFBC}") = "Ch5Phone", "Ch5Phone\Ch5Phone.csproj", "{80AAF0B4-94E5-4C56-8208-076243800903}"
EndProject
Project("{FAE04EC0-301F-11D3-BF4B-00C04F79EFBC}") = "Ch5Automobile", "Ch5Automobile\Ch5Automobile.csproj", "{190FE82C-A207-4D5E-8BA4-BE7E33B13FDD}"
EndProject
Project("{FAE04EC0-301F-11D3-BF4B-00C04F79EFBC}") = "Ch6Monogram", "Ch6Monogram\Ch6Monogram.csproj", "{84F3D10C-F50B-4B34-B2AC-08507754D8B4}"
EndProject
Project("{FAE04EC0-301F-11D3-BF4B-00C04F79EFBC}") = "Ch6Exponent", "Ch6Exponent\Ch6Exponent.csproj", "{168BBE19-B977-42BD-A57B-20BF72C6AC25}"
EndProject
Project("{FAE04EC0-301F-11D3-BF4B-00C04F79EFBC}") = "Ch6Area", "Ch6Area\Ch6Area.csproj", "{3EE22A5D-F5D8-414C-8608-4D507160B4E2}"
EndProject
Project("{FAE04EC0-301F-11D3-BF4B-00C04F79EFBC}") = "Ch6Sum", "Ch6Sum\Ch6Sum.csproj", "{59DA75DC-5903-45D4-AD1E-FB289C7991EB}"
EndProject
Global
	GlobalSection(SolutionConfigurationPlatforms) = preSolution
		Debug|x86 = Debug|x86
		Release|x86 = Release|x86
	EndGlobalSection
	GlobalSection(ProjectConfigurationPlatforms) = postSolution
		{93FB2DE5-7064-48F7-8EAB-B901F2C18588}.Debug|x86.ActiveCfg = Debug|x86
		{93FB2DE5-7064-48F7-8EAB-B901F2C18588}.Debug|x86.Build.0 = Debug|x86
		{93FB2DE5-7064-48F7-8EAB-B901F2C18588}.Release|x86.ActiveCfg = Release|x86
		{93FB2DE5-7064-48F7-8EAB-B901F2C18588}.Release|x86.Build.0 = Release|x86
		{8DA89952-F690-4877-AFA5-D8D6085BF531}.Debug|x86.ActiveCfg = Debug|x86
		{8DA89952-F690-4877-AFA5-D8D6085BF531}.Debug|x86.Build.0 = Debug|x86
		{8DA89952-F690-4877-AFA5-D8D6085BF531}.Release|x86.ActiveCfg = Release|x86
		{8DA89952-F690-4877-AFA5-D8D6085BF531}.Release|x86.Build.0 = Release|x86
		{80AAF0B4-94E5-4C56-8208-076243800903}.Debug|x86.ActiveCfg = Debug|x86
		{80AAF0B4-94E5-4C56-8208-076243800903}.Debug|x86.Build.0 = Debug|x86
		{80AAF0B4-94E5-4C56-8208-076243800903}.Release|x86.ActiveCfg = Release|x86
		{80AAF0B4-94E5-4C56-8208-076243800903}.Release|x86.Build.0 = Release|x86
		{190FE82C-A207-4D5E-8BA4-BE7E33B13FDD}.Debug|x86.ActiveCfg = Debug|x86
		{190FE82C-A207-4D5E-8BA4-BE7E33B13FDD}.Debug|x86.Build.0 = Debug|x86
		{190FE82C-A207-4D5E-8BA4-BE7E33B13FDD}.Release|x86.ActiveCfg = Release|x86
		{190FE82C-A207-4D5E-8BA4-BE7E33B13FDD}.Release|x86.Build.0 = Release|x86
		{84F3D10C-F50B-4B34-B2AC-08507754D8B4}.Debug|x86.ActiveCfg = Debug|x86
		{84F3D10C-F50B-4B34-B2AC-08507754D8B4}.Debug|x86.Build.0 = Debug|x86
		{84F3D10C-F50B-4B34-B2AC-08507754D8B4}.Release|x86.ActiveCfg = Release|x86
		{84F3D10C-F50B-4B34-B2AC-08507754D8B4}.Release|x86.Build.0 = Release|x86
		{168BBE19-B977-42BD-A57B-20BF72C6AC25}.Debug|x86.ActiveCfg = Debug|x86
		{168BBE19-B977-42BD-A57B-20BF72C6AC25}.Debug|x86.Build.0 = Debug|x86
		{168BBE19-B977-42BD-A57B-20BF72C6AC25}.Release|x86.ActiveCfg = Release|x86
		{168BBE19-B977-42BD-A57B-20BF72C6AC25}.Release|x86.Build.0 = Release|x86
		{3EE22A5D-F5D8-414C-8608-4D507160B4E2}.Debug|x86.ActiveCfg = Debug|x86
		{3EE22A5D-F5D8-414C-8608-4D507160B4E2}.Debug|x86.Build.0 = Debug|x86
		{3EE22A5D-F5D8-414C-8608-4D507160B4E2}.Release|x86.ActiveCfg = Release|x86
		{3EE22A5D-F5D8-414C-8608-4D507160B4E2}.Release|x86.Build.0 = Release|x86
		{59DA75DC-5903-45D4-AD1E-FB289C7991EB}.Debug|x86.ActiveCfg = Debug|x86
		{59DA75DC-5903-45D4-AD1E-FB289C7991EB}.Debug|x86.Build.0 = Debug|x86
		{59DA75DC-5903-45D4-AD1E-FB289C7991EB}.Release|x86.ActiveCfg = Release|x86
		{59DA75DC-5903-45D4-AD1E-FB289C7991EB}.Release|x86.Build.0 = Release|x86
	EndGlobalSection
	GlobalSection(SolutionProperties) = preSolution
		HideSolutionNode = FALSE
	EndGlobalSection
EndGlobal
